
Microsoft Visual Studio Solution File, Format Version 12.00
# Visual Studio Version 16
VisualStudioVersion = 16.0.31410.357
MinimumVisualStudioVersion = 10.0.40219.1
Project("{9A19103F-16F7-4668-BE54-9A1E7A4F7556}") = "DataAccess", "DataAccess\DataAccess.csproj", "{C1C33A3B-3BEA-4D46-A5FF-4F283FC6700D}"
EndProject
Project("{9A19103F-16F7-4668-BE54-9A1E7A4F7556}") = "WebUI", "WebUI\WebUI.csproj", "{2634B1E0-44FE-462D-8A7F-263D296B7095}"
EndProject
Project("{9A19103F-16F7-4668-BE54-9A1E7A4F7556}") = "Common", "Common\Common.csproj", "{4647952C-783A-47C7-8CBA-4D7D22BDC1FF}"
EndProject
Project("{FAE04EC0-301F-11D3-BF4B-00C04F79EFBC}") = "Service", "Service\Service.csproj", "{2139BD8C-E808-472A-AB17-340943499B63}"
EndProject
Global
	GlobalSection(SolutionConfigurationPlatforms) = preSolution
		Debug|Any CPU = Debug|Any CPU
		Release|Any CPU = Release|Any CPU
	EndGlobalSection
	GlobalSection(ProjectConfigurationPlatforms) = postSolution
		{C1C33A3B-3BEA-4D46-A5FF-4F283FC6700D}.Debug|Any CPU.ActiveCfg = Debug|Any CPU
		{C1C33A3B-3BEA-4D46-A5FF-4F283FC6700D}.Debug|Any CPU.Build.0 = Debug|Any CPU
		{C1C33A3B-3BEA-4D46-A5FF-4F283FC6700D}.Release|Any CPU.ActiveCfg = Release|Any CPU
		{C1C33A3B-3BEA-4D46-A5FF-4F283FC6700D}.Release|Any CPU.Build.0 = Release|Any CPU
		{2634B1E0-44FE-462D-8A7F-263D296B7095}.Debug|Any CPU.ActiveCfg = Debug|Any CPU
		{2634B1E0-44FE-462D-8A7F-263D296B7095}.Debug|Any CPU.Build.0 = Debug|Any CPU
		{2634B1E0-44FE-462D-8A7F-263D296B7095}.Release|Any CPU.ActiveCfg = Release|Any CPU
		{2634B1E0-44FE-462D-8A7F-263D296B7095}.Release|Any CPU.Build.0 = Release|Any CPU
		{4647952C-783A-47C7-8CBA-4D7D22BDC1FF}.Debug|Any CPU.ActiveCfg = Debug|Any CPU
		{4647952C-783A-47C7-8CBA-4D7D22BDC1FF}.Debug|Any CPU.Build.0 = Debug|Any CPU
		{4647952C-783A-47C7-8CBA-4D7D22BDC1FF}.Release|Any CPU.ActiveCfg = Release|Any CPU
		{4647952C-783A-47C7-8CBA-4D7D22BDC1FF}.Release|Any CPU.Build.0 = Release|Any CPU
		{2139BD8C-E808-472A-AB17-340943499B63}.Debug|Any CPU.ActiveCfg = Debug|Any CPU
		{2139BD8C-E808-472A-AB17-340943499B63}.Debug|Any CPU.Build.0 = Debug|Any CPU
		{2139BD8C-E808-472A-AB17-340943499B63}.Release|Any CPU.ActiveCfg = Release|Any CPU
		{2139BD8C-E808-472A-AB17-340943499B63}.Release|Any CPU.Build.0 = Release|Any CPU
	EndGlobalSection
	GlobalSection(SolutionProperties) = preSolution
		HideSolutionNode = FALSE
	EndGlobalSection
	GlobalSection(ExtensibilityGlobals) = postSolution
		SolutionGuid = {EB513543-904C-48DC-A0E3-734C61A1C916}
	EndGlobalSection
EndGlobal
